
Microsoft Visual Studio Solution File, Format Version 12.00
# Visual Studio Version 17
VisualStudioVersion = 17.11.35312.102
MinimumVisualStudioVersion = 10.0.40219.1
Project("{9A19103F-16F7-4668-BE54-9A1E7A4F7556}") = "TobuSeisouSystemNet2025", "TobuSeisouSystemNet2025\TobuSeisouSystemNet2025.csproj", "{EC00D02E-96E1-4803-8ECB-01A5874A45E5}"
EndProject
Project("{9A19103F-16F7-4668-BE54-9A1E7A4F7556}") = "ControlEx", "ControlEx\ControlEx.csproj", "{F1AE47F4-D8F9-4538-BF2E-CBACDB328F7F}"
EndProject
Project("{9A19103F-16F7-4668-BE54-9A1E7A4F7556}") = "Vo", "Vo\Vo.csproj", "{5BEBDB90-C63C-4158-8BC7-EF7D34ACA734}"
EndProject
Project("{9A19103F-16F7-4668-BE54-9A1E7A4F7556}") = "Common", "Common\Common.csproj", "{178F6D9E-4C1E-4844-844A-A375C0F3E83C}"
EndProject
Project("{9A19103F-16F7-4668-BE54-9A1E7A4F7556}") = "VehicleDispatch", "VehicleDispatch\VehicleDispatch.csproj", "{4259E8CC-8657-4FCB-8418-8770CAB40B8B}"
EndProject
Project("{9A19103F-16F7-4668-BE54-9A1E7A4F7556}") = "Dao", "Dao\Dao.csproj", "{94AA08A5-4F5F-48CD-98B0-20D2E06C773B}"
EndProject
Project("{9A19103F-16F7-4668-BE54-9A1E7A4F7556}") = "EmploymentAgreement", "EmploymentAgreement\EmploymentAgreement.csproj", "{E9576347-224B-472B-976A-94E36DAB395E}"
EndProject
Project("{9A19103F-16F7-4668-BE54-9A1E7A4F7556}") = "StockBox", "StockBox\StockBox.csproj", "{E623FDD0-05DA-4B1B-9AF6-812D7C62251D}"
EndProject
Project("{9A19103F-16F7-4668-BE54-9A1E7A4F7556}") = "RollCall", "RollCall\RollCall.csproj", "{11A6FC6B-E124-4374-8A72-B72E7F30ACF0}"
EndProject
Project("{9A19103F-16F7-4668-BE54-9A1E7A4F7556}") = "Staff", "Staff\Staff.csproj", "{F9F902ED-07EB-4581-AA0F-2F45075DD495}"
EndProject
Project("{9A19103F-16F7-4668-BE54-9A1E7A4F7556}") = "Collection", "CollectionWeight\Collection.csproj", "{D94ADB92-166A-495E-AECD-B653CD33468D}"
EndProject
Project("{9A19103F-16F7-4668-BE54-9A1E7A4F7556}") = "Substitute", "Substitute\Substitute.csproj", "{C537DE09-CE43-4D9C-B4AE-E5B607B41897}"
EndProject
Project("{9A19103F-16F7-4668-BE54-9A1E7A4F7556}") = "DriversReport", "DriversReport\DriversReport.csproj", "{B3B4E384-143E-4787-B18D-8323202B7760}"
EndProject
Project("{FAE04EC0-301F-11D3-BF4B-00C04F79EFBC}") = "License", "License\License.csproj", "{9103061D-16EE-4CC2-80A1-38389E2B40BB}"
EndProject
Project("{FAE04EC0-301F-11D3-BF4B-00C04F79EFBC}") = "Car", "Car\Car.csproj", "{64DD3AF8-C02C-4CCD-B13C-C9793CBBBFDB}"
EndProject
Project("{FAE04EC0-301F-11D3-BF4B-00C04F79EFBC}") = "Toukanpo", "Toukanpo\Toukanpo.csproj", "{C2E13AD2-2567-4070-A65B-237F403FFBD8}"
EndProject
Project("{FAE04EC0-301F-11D3-BF4B-00C04F79EFBC}") = "Accounting", "AccountingParttime\Accounting.csproj", "{290CE66F-1934-4251-92D8-CBEC37F0F3FA}"
EndProject
Project("{FAE04EC0-301F-11D3-BF4B-00C04F79EFBC}") = "StatusOfResidence", "StatusOfResidence\StatusOfResidence.csproj", "{35D11B84-46E6-4F51-B223-724287AFF58A}"
EndProject
Project("{FAE04EC0-301F-11D3-BF4B-00C04F79EFBC}") = "LegalTwelveItem", "LegalTwelveItem\LegalTwelveItem.csproj", "{076AB7CA-C541-4392-A767-86B80CDDFF75}"
EndProject
Project("{FAE04EC0-301F-11D3-BF4B-00C04F79EFBC}") = "Certification", "Certification\Certification.csproj", "{5A71407D-EB52-4B73-9052-202F02D24A13}"
EndProject
Project("{FAE04EC0-301F-11D3-BF4B-00C04F79EFBC}") = "Accident", "Accident\Accident.csproj", "{A0F33E11-DA02-4687-AC36-82180FDE1EBD}"
EndProject
Project("{FAE04EC0-301F-11D3-BF4B-00C04F79EFBC}") = "Waste", "Waste\Waste.csproj", "{0568CC0D-E937-4611-AB8A-20EC397F320A}"
EndProject
Project("{FAE04EC0-301F-11D3-BF4B-00C04F79EFBC}") = "Seisou", "Seisou\Seisou.csproj", "{FE11E622-38F5-4FD2-8DB3-08C35AD9788F}"
EndProject
Project("{FAE04EC0-301F-11D3-BF4B-00C04F79EFBC}") = "EGov", "eGov\EGov.csproj", "{0EF46376-601C-4787-B9D4-5E2C7FEF8D5E}"
EndProject
Global
	GlobalSection(SolutionConfigurationPlatforms) = preSolution
		Debug|Any CPU = Debug|Any CPU
		Release|Any CPU = Release|Any CPU
	EndGlobalSection
	GlobalSection(ProjectConfigurationPlatforms) = postSolution
		{EC00D02E-96E1-4803-8ECB-01A5874A45E5}.Debug|Any CPU.ActiveCfg = Debug|Any CPU
		{EC00D02E-96E1-4803-8ECB-01A5874A45E5}.Debug|Any CPU.Build.0 = Debug|Any CPU
		{EC00D02E-96E1-4803-8ECB-01A5874A45E5}.Release|Any CPU.ActiveCfg = Release|Any CPU
		{EC00D02E-96E1-4803-8ECB-01A5874A45E5}.Release|Any CPU.Build.0 = Release|Any CPU
		{F1AE47F4-D8F9-4538-BF2E-CBACDB328F7F}.Debug|Any CPU.ActiveCfg = Debug|Any CPU
		{F1AE47F4-D8F9-4538-BF2E-CBACDB328F7F}.Debug|Any CPU.Build.0 = Debug|Any CPU
		{F1AE47F4-D8F9-4538-BF2E-CBACDB328F7F}.Release|Any CPU.ActiveCfg = Release|Any CPU
		{F1AE47F4-D8F9-4538-BF2E-CBACDB328F7F}.Release|Any CPU.Build.0 = Release|Any CPU
		{5BEBDB90-C63C-4158-8BC7-EF7D34ACA734}.Debug|Any CPU.ActiveCfg = Debug|Any CPU
		{5BEBDB90-C63C-4158-8BC7-EF7D34ACA734}.Debug|Any CPU.Build.0 = Debug|Any CPU
		{5BEBDB90-C63C-4158-8BC7-EF7D34ACA734}.Release|Any CPU.ActiveCfg = Release|Any CPU
		{5BEBDB90-C63C-4158-8BC7-EF7D34ACA734}.Release|Any CPU.Build.0 = Release|Any CPU
		{178F6D9E-4C1E-4844-844A-A375C0F3E83C}.Debug|Any CPU.ActiveCfg = Debug|Any CPU
		{178F6D9E-4C1E-4844-844A-A375C0F3E83C}.Debug|Any CPU.Build.0 = Debug|Any CPU
		{178F6D9E-4C1E-4844-844A-A375C0F3E83C}.Release|Any CPU.ActiveCfg = Release|Any CPU
		{178F6D9E-4C1E-4844-844A-A375C0F3E83C}.Release|Any CPU.Build.0 = Release|Any CPU
		{4259E8CC-8657-4FCB-8418-8770CAB40B8B}.Debug|Any CPU.ActiveCfg = Debug|Any CPU
		{4259E8CC-8657-4FCB-8418-8770CAB40B8B}.Debug|Any CPU.Build.0 = Debug|Any CPU
		{4259E8CC-8657-4FCB-8418-8770CAB40B8B}.Release|Any CPU.ActiveCfg = Release|Any CPU
		{4259E8CC-8657-4FCB-8418-8770CAB40B8B}.Release|Any CPU.Build.0 = Release|Any CPU
		{94AA08A5-4F5F-48CD-98B0-20D2E06C773B}.Debug|Any CPU.ActiveCfg = Debug|Any CPU
		{94AA08A5-4F5F-48CD-98B0-20D2E06C773B}.Debug|Any CPU.Build.0 = Debug|Any CPU
		{94AA08A5-4F5F-48CD-98B0-20D2E06C773B}.Release|Any CPU.ActiveCfg = Release|Any CPU
		{94AA08A5-4F5F-48CD-98B0-20D2E06C773B}.Release|Any CPU.Build.0 = Release|Any CPU
		{E9576347-224B-472B-976A-94E36DAB395E}.Debug|Any CPU.ActiveCfg = Debug|Any CPU
		{E9576347-224B-472B-976A-94E36DAB395E}.Debug|Any CPU.Build.0 = Debug|Any CPU
		{E9576347-224B-472B-976A-94E36DAB395E}.Release|Any CPU.ActiveCfg = Release|Any CPU
		{E9576347-224B-472B-976A-94E36DAB395E}.Release|Any CPU.Build.0 = Release|Any CPU
		{E623FDD0-05DA-4B1B-9AF6-812D7C62251D}.Debug|Any CPU.ActiveCfg = Debug|Any CPU
		{E623FDD0-05DA-4B1B-9AF6-812D7C62251D}.Debug|Any CPU.Build.0 = Debug|Any CPU
		{E623FDD0-05DA-4B1B-9AF6-812D7C62251D}.Release|Any CPU.ActiveCfg = Release|Any CPU
		{E623FDD0-05DA-4B1B-9AF6-812D7C62251D}.Release|Any CPU.Build.0 = Release|Any CPU
		{11A6FC6B-E124-4374-8A72-B72E7F30ACF0}.Debug|Any CPU.ActiveCfg = Debug|Any CPU
		{11A6FC6B-E124-4374-8A72-B72E7F30ACF0}.Debug|Any CPU.Build.0 = Debug|Any CPU
		{11A6FC6B-E124-4374-8A72-B72E7F30ACF0}.Release|Any CPU.ActiveCfg = Release|Any CPU
		{11A6FC6B-E124-4374-8A72-B72E7F30ACF0}.Release|Any CPU.Build.0 = Release|Any CPU
		{F9F902ED-07EB-4581-AA0F-2F45075DD495}.Debug|Any CPU.ActiveCfg = Debug|Any CPU
		{F9F902ED-07EB-4581-AA0F-2F45075DD495}.Debug|Any CPU.Build.0 = Debug|Any CPU
		{F9F902ED-07EB-4581-AA0F-2F45075DD495}.Release|Any CPU.ActiveCfg = Release|Any CPU
		{F9F902ED-07EB-4581-AA0F-2F45075DD495}.Release|Any CPU.Build.0 = Release|Any CPU
		{D94ADB92-166A-495E-AECD-B653CD33468D}.Debug|Any CPU.ActiveCfg = Debug|Any CPU
		{D94ADB92-166A-495E-AECD-B653CD33468D}.Debug|Any CPU.Build.0 = Debug|Any CPU
		{D94ADB92-166A-495E-AECD-B653CD33468D}.Release|Any CPU.ActiveCfg = Release|Any CPU
		{D94ADB92-166A-495E-AECD-B653CD33468D}.Release|Any CPU.Build.0 = Release|Any CPU
		{C537DE09-CE43-4D9C-B4AE-E5B607B41897}.Debug|Any CPU.ActiveCfg = Debug|Any CPU
		{C537DE09-CE43-4D9C-B4AE-E5B607B41897}.Debug|Any CPU.Build.0 = Debug|Any CPU
		{C537DE09-CE43-4D9C-B4AE-E5B607B41897}.Release|Any CPU.ActiveCfg = Release|Any CPU
		{C537DE09-CE43-4D9C-B4AE-E5B607B41897}.Release|Any CPU.Build.0 = Release|Any CPU
		{B3B4E384-143E-4787-B18D-8323202B7760}.Debug|Any CPU.ActiveCfg = Debug|Any CPU
		{B3B4E384-143E-4787-B18D-8323202B7760}.Debug|Any CPU.Build.0 = Debug|Any CPU
		{B3B4E384-143E-4787-B18D-8323202B7760}.Release|Any CPU.ActiveCfg = Release|Any CPU
		{B3B4E384-143E-4787-B18D-8323202B7760}.Release|Any CPU.Build.0 = Release|Any CPU
		{9103061D-16EE-4CC2-80A1-38389E2B40BB}.Debug|Any CPU.ActiveCfg = Debug|Any CPU
		{9103061D-16EE-4CC2-80A1-38389E2B40BB}.Debug|Any CPU.Build.0 = Debug|Any CPU
		{9103061D-16EE-4CC2-80A1-38389E2B40BB}.Release|Any CPU.ActiveCfg = Release|Any CPU
		{9103061D-16EE-4CC2-80A1-38389E2B40BB}.Release|Any CPU.Build.0 = Release|Any CPU
		{64DD3AF8-C02C-4CCD-B13C-C9793CBBBFDB}.Debug|Any CPU.ActiveCfg = Debug|Any CPU
		{64DD3AF8-C02C-4CCD-B13C-C9793CBBBFDB}.Debug|Any CPU.Build.0 = Debug|Any CPU
		{64DD3AF8-C02C-4CCD-B13C-C9793CBBBFDB}.Release|Any CPU.ActiveCfg = Release|Any CPU
		{64DD3AF8-C02C-4CCD-B13C-C9793CBBBFDB}.Release|Any CPU.Build.0 = Release|Any CPU
		{C2E13AD2-2567-4070-A65B-237F403FFBD8}.Debug|Any CPU.ActiveCfg = Debug|Any CPU
		{C2E13AD2-2567-4070-A65B-237F403FFBD8}.Debug|Any CPU.Build.0 = Debug|Any CPU
		{C2E13AD2-2567-4070-A65B-237F403FFBD8}.Release|Any CPU.ActiveCfg = Release|Any CPU
		{C2E13AD2-2567-4070-A65B-237F403FFBD8}.Release|Any CPU.Build.0 = Release|Any CPU
		{290CE66F-1934-4251-92D8-CBEC37F0F3FA}.Debug|Any CPU.ActiveCfg = Debug|Any CPU
		{290CE66F-1934-4251-92D8-CBEC37F0F3FA}.Debug|Any CPU.Build.0 = Debug|Any CPU
		{290CE66F-1934-4251-92D8-CBEC37F0F3FA}.Release|Any CPU.ActiveCfg = Release|Any CPU
		{290CE66F-1934-4251-92D8-CBEC37F0F3FA}.Release|Any CPU.Build.0 = Release|Any CPU
		{35D11B84-46E6-4F51-B223-724287AFF58A}.Debug|Any CPU.ActiveCfg = Debug|Any CPU
		{35D11B84-46E6-4F51-B223-724287AFF58A}.Debug|Any CPU.Build.0 = Debug|Any CPU
		{35D11B84-46E6-4F51-B223-724287AFF58A}.Release|Any CPU.ActiveCfg = Release|Any CPU
		{35D11B84-46E6-4F51-B223-724287AFF58A}.Release|Any CPU.Build.0 = Release|Any CPU
		{076AB7CA-C541-4392-A767-86B80CDDFF75}.Debug|Any CPU.ActiveCfg = Debug|Any CPU
		{076AB7CA-C541-4392-A767-86B80CDDFF75}.Debug|Any CPU.Build.0 = Debug|Any CPU
		{076AB7CA-C541-4392-A767-86B80CDDFF75}.Release|Any CPU.ActiveCfg = Release|Any CPU
		{076AB7CA-C541-4392-A767-86B80CDDFF75}.Release|Any CPU.Build.0 = Release|Any CPU
		{5A71407D-EB52-4B73-9052-202F02D24A13}.Debug|Any CPU.ActiveCfg = Debug|Any CPU
		{5A71407D-EB52-4B73-9052-202F02D24A13}.Debug|Any CPU.Build.0 = Debug|Any CPU
		{5A71407D-EB52-4B73-9052-202F02D24A13}.Release|Any CPU.ActiveCfg = Release|Any CPU
		{5A71407D-EB52-4B73-9052-202F02D24A13}.Release|Any CPU.Build.0 = Release|Any CPU
		{A0F33E11-DA02-4687-AC36-82180FDE1EBD}.Debug|Any CPU.ActiveCfg = Debug|Any CPU
		{A0F33E11-DA02-4687-AC36-82180FDE1EBD}.Debug|Any CPU.Build.0 = Debug|Any CPU
		{A0F33E11-DA02-4687-AC36-82180FDE1EBD}.Release|Any CPU.ActiveCfg = Release|Any CPU
		{A0F33E11-DA02-4687-AC36-82180FDE1EBD}.Release|Any CPU.Build.0 = Release|Any CPU
		{0568CC0D-E937-4611-AB8A-20EC397F320A}.Debug|Any CPU.ActiveCfg = Debug|Any CPU
		{0568CC0D-E937-4611-AB8A-20EC397F320A}.Debug|Any CPU.Build.0 = Debug|Any CPU
		{0568CC0D-E937-4611-AB8A-20EC397F320A}.Release|Any CPU.ActiveCfg = Release|Any CPU
		{0568CC0D-E937-4611-AB8A-20EC397F320A}.Release|Any CPU.Build.0 = Release|Any CPU
		{FE11E622-38F5-4FD2-8DB3-08C35AD9788F}.Debug|Any CPU.ActiveCfg = Debug|Any CPU
		{FE11E622-38F5-4FD2-8DB3-08C35AD9788F}.Debug|Any CPU.Build.0 = Debug|Any CPU
		{FE11E622-38F5-4FD2-8DB3-08C35AD9788F}.Release|Any CPU.ActiveCfg = Release|Any CPU
		{FE11E622-38F5-4FD2-8DB3-08C35AD9788F}.Release|Any CPU.Build.0 = Release|Any CPU
		{0EF46376-601C-4787-B9D4-5E2C7FEF8D5E}.Debug|Any CPU.ActiveCfg = Debug|Any CPU
		{0EF46376-601C-4787-B9D4-5E2C7FEF8D5E}.Debug|Any CPU.Build.0 = Debug|Any CPU
		{0EF46376-601C-4787-B9D4-5E2C7FEF8D5E}.Release|Any CPU.ActiveCfg = Release|Any CPU
		{0EF46376-601C-4787-B9D4-5E2C7FEF8D5E}.Release|Any CPU.Build.0 = Release|Any CPU
	EndGlobalSection
	GlobalSection(SolutionProperties) = preSolution
		HideSolutionNode = FALSE
	EndGlobalSection
	GlobalSection(ExtensibilityGlobals) = postSolution
		SolutionGuid = {79684420-2161-47DF-94D8-C98E93E88115}
	EndGlobalSection
EndGlobal
